// !$*UTF8*$!
{
	archiveVersion = 1;
	classes = {
	};
	objectVersion = 51;
	objects = {

/* Begin PBXBuildFile section */
		2A1A319EFD276F877291B448 /* Pods_rootify_rootifyUITests.framework in Frameworks */ = {isa = PBXBuildFile; fileRef = 9AF00B723D31026454AE5143 /* Pods_rootify_rootifyUITests.framework */; };
		4348CE612574A29A002F82E8 /* PlantViewController.swift in Sources */ = {isa = PBXBuildFile; fileRef = 4348CE602574A29A002F82E8 /* PlantViewController.swift */; };
		5C0E6365256CAD0300CBC378 /* AppDelegate.swift in Sources */ = {isa = PBXBuildFile; fileRef = 5C0E6364256CAD0300CBC378 /* AppDelegate.swift */; };
		5C0E6367256CAD0300CBC378 /* SceneDelegate.swift in Sources */ = {isa = PBXBuildFile; fileRef = 5C0E6366256CAD0300CBC378 /* SceneDelegate.swift */; };
		5C0E636C256CAD0300CBC378 /* Main.storyboard in Resources */ = {isa = PBXBuildFile; fileRef = 5C0E636A256CAD0300CBC378 /* Main.storyboard */; };
		5C0E636E256CAD0D00CBC378 /* Assets.xcassets in Resources */ = {isa = PBXBuildFile; fileRef = 5C0E636D256CAD0D00CBC378 /* Assets.xcassets */; };
		5C0E6371256CAD0D00CBC378 /* LaunchScreen.storyboard in Resources */ = {isa = PBXBuildFile; fileRef = 5C0E636F256CAD0D00CBC378 /* LaunchScreen.storyboard */; };
		5C0E637C256CAD0D00CBC378 /* rootifyTests.swift in Sources */ = {isa = PBXBuildFile; fileRef = 5C0E637B256CAD0D00CBC378 /* rootifyTests.swift */; };
		5C0E6387256CAD0E00CBC378 /* rootifyUITests.swift in Sources */ = {isa = PBXBuildFile; fileRef = 5C0E6386256CAD0E00CBC378 /* rootifyUITests.swift */; };
		5CDF3B032575C3F800D7520E /* LoginViewController.swift in Sources */ = {isa = PBXBuildFile; fileRef = 5CDF3B022575C3F800D7520E /* LoginViewController.swift */; };
		5CDF3B052575F36000D7520E /* HomeViewController.swift in Sources */ = {isa = PBXBuildFile; fileRef = 5CDF3B042575F36000D7520E /* HomeViewController.swift */; };
		BCDB60B1257AF19800E54EEA /* CustomPlantViewController.swift in Sources */ = {isa = PBXBuildFile; fileRef = BCDB60B0257AF19800E54EEA /* CustomPlantViewController.swift */; };
		BCF53729257B319D00023B7D /* PlantDiaryViewController.swift in Sources */ = {isa = PBXBuildFile; fileRef = BCF53728257B319D00023B7D /* PlantDiaryViewController.swift */; };
		C5AC4832EA41B375248A719E /* Pods_rootifyTests.framework in Frameworks */ = {isa = PBXBuildFile; fileRef = 3DA56B87934B97FB6F14E7FA /* Pods_rootifyTests.framework */; };
		DF40B1402583701E00C7FA43 /* PlantDiaryCell.swift in Sources */ = {isa = PBXBuildFile; fileRef = DF40B13F2583701E00C7FA43 /* PlantDiaryCell.swift */; };
		DF40B1422583859600C7FA43 /* reminderTableViewCell.swift in Sources */ = {isa = PBXBuildFile; fileRef = DF40B1412583859600C7FA43 /* reminderTableViewCell.swift */; };
		DF40B146258385F700C7FA43 /* reminderTableView.swift in Sources */ = {isa = PBXBuildFile; fileRef = DF40B145258385F700C7FA43 /* reminderTableView.swift */; };
		EBE456BD83FF7002134BF2B4 /* Pods_rootify.framework in Frameworks */ = {isa = PBXBuildFile; fileRef = 6090F830F6FC7BE64C2BC246 /* Pods_rootify.framework */; };
/* End PBXBuildFile section */

/* Begin PBXContainerItemProxy section */
		5C0E6378256CAD0D00CBC378 /* PBXContainerItemProxy */ = {
			isa = PBXContainerItemProxy;
			containerPortal = 5C0E6359256CAD0300CBC378 /* Project object */;
			proxyType = 1;
			remoteGlobalIDString = 5C0E6360256CAD0300CBC378;
			remoteInfo = rootify;
		};
		5C0E6383256CAD0E00CBC378 /* PBXContainerItemProxy */ = {
			isa = PBXContainerItemProxy;
			containerPortal = 5C0E6359256CAD0300CBC378 /* Project object */;
			proxyType = 1;
			remoteGlobalIDString = 5C0E6360256CAD0300CBC378;
			remoteInfo = rootify;
		};
/* End PBXContainerItemProxy section */

/* Begin PBXFileReference section */
		12251EF09656BA71FBFCD249 /* Pods-rootify.release.xcconfig */ = {isa = PBXFileReference; includeInIndex = 1; lastKnownFileType = text.xcconfig; name = "Pods-rootify.release.xcconfig"; path = "Target Support Files/Pods-rootify/Pods-rootify.release.xcconfig"; sourceTree = "<group>"; };
		3DA56B87934B97FB6F14E7FA /* Pods_rootifyTests.framework */ = {isa = PBXFileReference; explicitFileType = wrapper.framework; includeInIndex = 0; path = Pods_rootifyTests.framework; sourceTree = BUILT_PRODUCTS_DIR; };
		4348CE602574A29A002F82E8 /* PlantViewController.swift */ = {isa = PBXFileReference; lastKnownFileType = sourcecode.swift; path = PlantViewController.swift; sourceTree = "<group>"; };
		4348CE682574BCD0002F82E8 /* CameraViewController.swift */ = {isa = PBXFileReference; lastKnownFileType = sourcecode.swift; path = CameraViewController.swift; sourceTree = "<group>"; };
		4D02100D32AEB01F28393F77 /* Pods-rootifyTests.debug.xcconfig */ = {isa = PBXFileReference; includeInIndex = 1; lastKnownFileType = text.xcconfig; name = "Pods-rootifyTests.debug.xcconfig"; path = "Target Support Files/Pods-rootifyTests/Pods-rootifyTests.debug.xcconfig"; sourceTree = "<group>"; };
		586B903DA9A3D937C163584A /* Pods-rootify-rootifyUITests.debug.xcconfig */ = {isa = PBXFileReference; includeInIndex = 1; lastKnownFileType = text.xcconfig; name = "Pods-rootify-rootifyUITests.debug.xcconfig"; path = "Target Support Files/Pods-rootify-rootifyUITests/Pods-rootify-rootifyUITests.debug.xcconfig"; sourceTree = "<group>"; };
		5C0E6361256CAD0300CBC378 /* rootify.app */ = {isa = PBXFileReference; explicitFileType = wrapper.application; includeInIndex = 0; path = rootify.app; sourceTree = BUILT_PRODUCTS_DIR; };
		5C0E6364256CAD0300CBC378 /* AppDelegate.swift */ = {isa = PBXFileReference; lastKnownFileType = sourcecode.swift; path = AppDelegate.swift; sourceTree = "<group>"; };
		5C0E6366256CAD0300CBC378 /* SceneDelegate.swift */ = {isa = PBXFileReference; lastKnownFileType = sourcecode.swift; path = SceneDelegate.swift; sourceTree = "<group>"; };
		5C0E636B256CAD0300CBC378 /* Base */ = {isa = PBXFileReference; lastKnownFileType = file.storyboard; name = Base; path = Base.lproj/Main.storyboard; sourceTree = "<group>"; };
		5C0E636D256CAD0D00CBC378 /* Assets.xcassets */ = {isa = PBXFileReference; lastKnownFileType = folder.assetcatalog; path = Assets.xcassets; sourceTree = "<group>"; };
		5C0E6370256CAD0D00CBC378 /* Base */ = {isa = PBXFileReference; lastKnownFileType = file.storyboard; name = Base; path = Base.lproj/LaunchScreen.storyboard; sourceTree = "<group>"; };
		5C0E6372256CAD0D00CBC378 /* Info.plist */ = {isa = PBXFileReference; lastKnownFileType = text.plist.xml; path = Info.plist; sourceTree = "<group>"; };
		5C0E6377256CAD0D00CBC378 /* rootifyTests.xctest */ = {isa = PBXFileReference; explicitFileType = wrapper.cfbundle; includeInIndex = 0; path = rootifyTests.xctest; sourceTree = BUILT_PRODUCTS_DIR; };
		5C0E637B256CAD0D00CBC378 /* rootifyTests.swift */ = {isa = PBXFileReference; lastKnownFileType = sourcecode.swift; path = rootifyTests.swift; sourceTree = "<group>"; };
		5C0E637D256CAD0E00CBC378 /* Info.plist */ = {isa = PBXFileReference; lastKnownFileType = text.plist.xml; path = Info.plist; sourceTree = "<group>"; };
		5C0E6382256CAD0E00CBC378 /* rootifyUITests.xctest */ = {isa = PBXFileReference; explicitFileType = wrapper.cfbundle; includeInIndex = 0; path = rootifyUITests.xctest; sourceTree = BUILT_PRODUCTS_DIR; };
		5C0E6386256CAD0E00CBC378 /* rootifyUITests.swift */ = {isa = PBXFileReference; lastKnownFileType = sourcecode.swift; path = rootifyUITests.swift; sourceTree = "<group>"; };
		5C0E6388256CAD0E00CBC378 /* Info.plist */ = {isa = PBXFileReference; lastKnownFileType = text.plist.xml; path = Info.plist; sourceTree = "<group>"; };
		5CDF3B022575C3F800D7520E /* LoginViewController.swift */ = {isa = PBXFileReference; lastKnownFileType = sourcecode.swift; path = LoginViewController.swift; sourceTree = "<group>"; };
		5CDF3B042575F36000D7520E /* HomeViewController.swift */ = {isa = PBXFileReference; lastKnownFileType = sourcecode.swift; path = HomeViewController.swift; sourceTree = "<group>"; };
		6090F830F6FC7BE64C2BC246 /* Pods_rootify.framework */ = {isa = PBXFileReference; explicitFileType = wrapper.framework; includeInIndex = 0; path = Pods_rootify.framework; sourceTree = BUILT_PRODUCTS_DIR; };
		7C0CF436CF76C641261052F4 /* Pods-rootify-rootifyUITests.release.xcconfig */ = {isa = PBXFileReference; includeInIndex = 1; lastKnownFileType = text.xcconfig; name = "Pods-rootify-rootifyUITests.release.xcconfig"; path = "Target Support Files/Pods-rootify-rootifyUITests/Pods-rootify-rootifyUITests.release.xcconfig"; sourceTree = "<group>"; };
		9AF00B723D31026454AE5143 /* Pods_rootify_rootifyUITests.framework */ = {isa = PBXFileReference; explicitFileType = wrapper.framework; includeInIndex = 0; path = Pods_rootify_rootifyUITests.framework; sourceTree = BUILT_PRODUCTS_DIR; };
		BCDB60B0257AF19800E54EEA /* CustomPlantViewController.swift */ = {isa = PBXFileReference; lastKnownFileType = sourcecode.swift; path = CustomPlantViewController.swift; sourceTree = "<group>"; };
		BCF53728257B319D00023B7D /* PlantDiaryViewController.swift */ = {isa = PBXFileReference; lastKnownFileType = sourcecode.swift; path = PlantDiaryViewController.swift; sourceTree = "<group>"; };
		DF40B13F2583701E00C7FA43 /* PlantDiaryCell.swift */ = {isa = PBXFileReference; lastKnownFileType = sourcecode.swift; path = PlantDiaryCell.swift; sourceTree = "<group>"; };
		DF40B1412583859600C7FA43 /* reminderTableViewCell.swift */ = {isa = PBXFileReference; lastKnownFileType = sourcecode.swift; path = reminderTableViewCell.swift; sourceTree = "<group>"; };
		DF40B145258385F700C7FA43 /* reminderTableView.swift */ = {isa = PBXFileReference; lastKnownFileType = sourcecode.swift; path = reminderTableView.swift; sourceTree = "<group>"; };
		FB2C96B437EBCEAC45399C38 /* Pods-rootify.debug.xcconfig */ = {isa = PBXFileReference; includeInIndex = 1; lastKnownFileType = text.xcconfig; name = "Pods-rootify.debug.xcconfig"; path = "Target Support Files/Pods-rootify/Pods-rootify.debug.xcconfig"; sourceTree = "<group>"; };
		FFD9D3D11B578EA162486CAA /* Pods-rootifyTests.release.xcconfig */ = {isa = PBXFileReference; includeInIndex = 1; lastKnownFileType = text.xcconfig; name = "Pods-rootifyTests.release.xcconfig"; path = "Target Support Files/Pods-rootifyTests/Pods-rootifyTests.release.xcconfig"; sourceTree = "<group>"; };
/* End PBXFileReference section */

/* Begin PBXFrameworksBuildPhase section */
		5C0E635E256CAD0300CBC378 /* Frameworks */ = {
			isa = PBXFrameworksBuildPhase;
			buildActionMask = 2147483647;
			files = (
				EBE456BD83FF7002134BF2B4 /* Pods_rootify.framework in Frameworks */,
			);
			runOnlyForDeploymentPostprocessing = 0;
		};
		5C0E6374256CAD0D00CBC378 /* Frameworks */ = {
			isa = PBXFrameworksBuildPhase;
			buildActionMask = 2147483647;
			files = (
				C5AC4832EA41B375248A719E /* Pods_rootifyTests.framework in Frameworks */,
			);
			runOnlyForDeploymentPostprocessing = 0;
		};
		5C0E637F256CAD0E00CBC378 /* Frameworks */ = {
			isa = PBXFrameworksBuildPhase;
			buildActionMask = 2147483647;
			files = (
				2A1A319EFD276F877291B448 /* Pods_rootify_rootifyUITests.framework in Frameworks */,
			);
			runOnlyForDeploymentPostprocessing = 0;
		};
/* End PBXFrameworksBuildPhase section */

/* Begin PBXGroup section */
		50A6CFA81E2E572A386DDD1F /* Frameworks */ = {
			isa = PBXGroup;
			children = (
				6090F830F6FC7BE64C2BC246 /* Pods_rootify.framework */,
				9AF00B723D31026454AE5143 /* Pods_rootify_rootifyUITests.framework */,
				3DA56B87934B97FB6F14E7FA /* Pods_rootifyTests.framework */,
			);
			name = Frameworks;
			sourceTree = "<group>";
		};
		5C0E6358256CAD0300CBC378 = {
			isa = PBXGroup;
			children = (
				5C0E6363256CAD0300CBC378 /* rootify */,
				5C0E637A256CAD0D00CBC378 /* rootifyTests */,
				5C0E6385256CAD0E00CBC378 /* rootifyUITests */,
				5C0E6362256CAD0300CBC378 /* Products */,
				D41219B4D241CAAB9BB37856 /* Pods */,
				50A6CFA81E2E572A386DDD1F /* Frameworks */,
			);
			sourceTree = "<group>";
		};
		5C0E6362256CAD0300CBC378 /* Products */ = {
			isa = PBXGroup;
			children = (
				5C0E6361256CAD0300CBC378 /* rootify.app */,
				5C0E6377256CAD0D00CBC378 /* rootifyTests.xctest */,
				5C0E6382256CAD0E00CBC378 /* rootifyUITests.xctest */,
			);
			name = Products;
			sourceTree = "<group>";
		};
		5C0E6363256CAD0300CBC378 /* rootify */ = {
			isa = PBXGroup;
			children = (
				5C0E6364256CAD0300CBC378 /* AppDelegate.swift */,
				5C0E6366256CAD0300CBC378 /* SceneDelegate.swift */,
				4348CE602574A29A002F82E8 /* PlantViewController.swift */,
				4348CE682574BCD0002F82E8 /* CameraViewController.swift */,
				5C0E636A256CAD0300CBC378 /* Main.storyboard */,
				5C0E636D256CAD0D00CBC378 /* Assets.xcassets */,
				5C0E636F256CAD0D00CBC378 /* LaunchScreen.storyboard */,
				5C0E6372256CAD0D00CBC378 /* Info.plist */,
				5CDF3B022575C3F800D7520E /* LoginViewController.swift */,
				5CDF3B042575F36000D7520E /* HomeViewController.swift */,
				DF40B1412583859600C7FA43 /* reminderTableViewCell.swift */,
				DF40B145258385F700C7FA43 /* reminderTableView.swift */,
				BCDB60B0257AF19800E54EEA /* CustomPlantViewController.swift */,
				BCF53728257B319D00023B7D /* PlantDiaryViewController.swift */,
				DF40B13F2583701E00C7FA43 /* PlantDiaryCell.swift */,
			);
			path = rootify;
			sourceTree = "<group>";
		};
		5C0E637A256CAD0D00CBC378 /* rootifyTests */ = {
			isa = PBXGroup;
			children = (
				5C0E637B256CAD0D00CBC378 /* rootifyTests.swift */,
				5C0E637D256CAD0E00CBC378 /* Info.plist */,
			);
			path = rootifyTests;
			sourceTree = "<group>";
		};
		5C0E6385256CAD0E00CBC378 /* rootifyUITests */ = {
			isa = PBXGroup;
			children = (
				5C0E6386256CAD0E00CBC378 /* rootifyUITests.swift */,
				5C0E6388256CAD0E00CBC378 /* Info.plist */,
			);
			path = rootifyUITests;
			sourceTree = "<group>";
		};
		D41219B4D241CAAB9BB37856 /* Pods */ = {
			isa = PBXGroup;
			children = (
				FB2C96B437EBCEAC45399C38 /* Pods-rootify.debug.xcconfig */,
				12251EF09656BA71FBFCD249 /* Pods-rootify.release.xcconfig */,
				586B903DA9A3D937C163584A /* Pods-rootify-rootifyUITests.debug.xcconfig */,
				7C0CF436CF76C641261052F4 /* Pods-rootify-rootifyUITests.release.xcconfig */,
				4D02100D32AEB01F28393F77 /* Pods-rootifyTests.debug.xcconfig */,
				FFD9D3D11B578EA162486CAA /* Pods-rootifyTests.release.xcconfig */,
			);
			path = Pods;
			sourceTree = "<group>";
		};
/* End PBXGroup section */

/* Begin PBXNativeTarget section */
		5C0E6360256CAD0300CBC378 /* rootify */ = {
			isa = PBXNativeTarget;
			buildConfigurationList = 5C0E638B256CAD0E00CBC378 /* Build configuration list for PBXNativeTarget "rootify" */;
			buildPhases = (
				A78803CC3E4FB968EDDC412F /* [CP] Check Pods Manifest.lock */,
				5C0E635D256CAD0300CBC378 /* Sources */,
				5C0E635E256CAD0300CBC378 /* Frameworks */,
				5C0E635F256CAD0300CBC378 /* Resources */,
				45ED33CCD580AE9F29C37750 /* [CP] Embed Pods Frameworks */,
			);
			buildRules = (
			);
			dependencies = (
			);
			name = rootify;
			productName = rootify;
			productReference = 5C0E6361256CAD0300CBC378 /* rootify.app */;
			productType = "com.apple.product-type.application";
		};
		5C0E6376256CAD0D00CBC378 /* rootifyTests */ = {
			isa = PBXNativeTarget;
			buildConfigurationList = 5C0E638E256CAD0E00CBC378 /* Build configuration list for PBXNativeTarget "rootifyTests" */;
			buildPhases = (
				97ADF561CB99AF39D6886943 /* [CP] Check Pods Manifest.lock */,
				5C0E6373256CAD0D00CBC378 /* Sources */,
				5C0E6374256CAD0D00CBC378 /* Frameworks */,
				5C0E6375256CAD0D00CBC378 /* Resources */,
			);
			buildRules = (
			);
			dependencies = (
				5C0E6379256CAD0D00CBC378 /* PBXTargetDependency */,
			);
			name = rootifyTests;
			productName = rootifyTests;
			productReference = 5C0E6377256CAD0D00CBC378 /* rootifyTests.xctest */;
			productType = "com.apple.product-type.bundle.unit-test";
		};
		5C0E6381256CAD0E00CBC378 /* rootifyUITests */ = {
			isa = PBXNativeTarget;
			buildConfigurationList = 5C0E6391256CAD0E00CBC378 /* Build configuration list for PBXNativeTarget "rootifyUITests" */;
			buildPhases = (
				76E6693191B43207A0BECF57 /* [CP] Check Pods Manifest.lock */,
				5C0E637E256CAD0E00CBC378 /* Sources */,
				5C0E637F256CAD0E00CBC378 /* Frameworks */,
				5C0E6380256CAD0E00CBC378 /* Resources */,
				42EF93B94AF4029894383380 /* [CP] Embed Pods Frameworks */,
			);
			buildRules = (
			);
			dependencies = (
				5C0E6384256CAD0E00CBC378 /* PBXTargetDependency */,
			);
			name = rootifyUITests;
			productName = rootifyUITests;
			productReference = 5C0E6382256CAD0E00CBC378 /* rootifyUITests.xctest */;
			productType = "com.apple.product-type.bundle.ui-testing";
		};
/* End PBXNativeTarget section */

/* Begin PBXProject section */
		5C0E6359256CAD0300CBC378 /* Project object */ = {
			isa = PBXProject;
			attributes = {
				LastSwiftUpdateCheck = 1150;
				LastUpgradeCheck = 1150;
				TargetAttributes = {
					5C0E6360256CAD0300CBC378 = {
						CreatedOnToolsVersion = 11.5;
					};
					5C0E6376256CAD0D00CBC378 = {
						CreatedOnToolsVersion = 11.5;
						TestTargetID = 5C0E6360256CAD0300CBC378;
					};
					5C0E6381256CAD0E00CBC378 = {
						CreatedOnToolsVersion = 11.5;
						TestTargetID = 5C0E6360256CAD0300CBC378;
					};
				};
			};
			buildConfigurationList = 5C0E635C256CAD0300CBC378 /* Build configuration list for PBXProject "rootify" */;
			compatibilityVersion = "Xcode 9.3";
			developmentRegion = en;
			hasScannedForEncodings = 0;
			knownRegions = (
				en,
				Base,
			);
			mainGroup = 5C0E6358256CAD0300CBC378;
			productRefGroup = 5C0E6362256CAD0300CBC378 /* Products */;
			projectDirPath = "";
			projectRoot = "";
			targets = (
				5C0E6360256CAD0300CBC378 /* rootify */,
				5C0E6376256CAD0D00CBC378 /* rootifyTests */,
				5C0E6381256CAD0E00CBC378 /* rootifyUITests */,
			);
		};
/* End PBXProject section */

/* Begin PBXResourcesBuildPhase section */
		5C0E635F256CAD0300CBC378 /* Resources */ = {
			isa = PBXResourcesBuildPhase;
			buildActionMask = 2147483647;
			files = (
				5C0E6371256CAD0D00CBC378 /* LaunchScreen.storyboard in Resources */,
				5C0E636E256CAD0D00CBC378 /* Assets.xcassets in Resources */,
				5C0E636C256CAD0300CBC378 /* Main.storyboard in Resources */,
			);
			runOnlyForDeploymentPostprocessing = 0;
		};
		5C0E6375256CAD0D00CBC378 /* Resources */ = {
			isa = PBXResourcesBuildPhase;
			buildActionMask = 2147483647;
			files = (
			);
			runOnlyForDeploymentPostprocessing = 0;
		};
		5C0E6380256CAD0E00CBC378 /* Resources */ = {
			isa = PBXResourcesBuildPhase;
			buildActionMask = 2147483647;
			files = (
			);
			runOnlyForDeploymentPostprocessing = 0;
		};
/* End PBXResourcesBuildPhase section */

/* Begin PBXShellScriptBuildPhase section */
		42EF93B94AF4029894383380 /* [CP] Embed Pods Frameworks */ = {
			isa = PBXShellScriptBuildPhase;
			buildActionMask = 2147483647;
			files = (
			);
			inputFileListPaths = (
				"${PODS_ROOT}/Target Support Files/Pods-rootify-rootifyUITests/Pods-rootify-rootifyUITests-frameworks-${CONFIGURATION}-input-files.xcfilelist",
			);
			name = "[CP] Embed Pods Frameworks";
			outputFileListPaths = (
				"${PODS_ROOT}/Target Support Files/Pods-rootify-rootifyUITests/Pods-rootify-rootifyUITests-frameworks-${CONFIGURATION}-output-files.xcfilelist",
			);
			runOnlyForDeploymentPostprocessing = 0;
			shellPath = /bin/sh;
			shellScript = "\"${PODS_ROOT}/Target Support Files/Pods-rootify-rootifyUITests/Pods-rootify-rootifyUITests-frameworks.sh\"\n";
			showEnvVarsInLog = 0;
		};
		45ED33CCD580AE9F29C37750 /* [CP] Embed Pods Frameworks */ = {
			isa = PBXShellScriptBuildPhase;
			buildActionMask = 2147483647;
			files = (
			);
			inputFileListPaths = (
				"${PODS_ROOT}/Target Support Files/Pods-rootify/Pods-rootify-frameworks-${CONFIGURATION}-input-files.xcfilelist",
			);
			name = "[CP] Embed Pods Frameworks";
			outputFileListPaths = (
				"${PODS_ROOT}/Target Support Files/Pods-rootify/Pods-rootify-frameworks-${CONFIGURATION}-output-files.xcfilelist",
			);
			runOnlyForDeploymentPostprocessing = 0;
			shellPath = /bin/sh;
			shellScript = "\"${PODS_ROOT}/Target Support Files/Pods-rootify/Pods-rootify-frameworks.sh\"\n";
			showEnvVarsInLog = 0;
		};
		76E6693191B43207A0BECF57 /* [CP] Check Pods Manifest.lock */ = {
			isa = PBXShellScriptBuildPhase;
			buildActionMask = 2147483647;
			files = (
			);
			inputFileListPaths = (
			);
			inputPaths = (
				"${PODS_PODFILE_DIR_PATH}/Podfile.lock",
				"${PODS_ROOT}/Manifest.lock",
			);
			name = "[CP] Check Pods Manifest.lock";
			outputFileListPaths = (
			);
			outputPaths = (
				"$(DERIVED_FILE_DIR)/Pods-rootify-rootifyUITests-checkManifestLockResult.txt",
			);
			runOnlyForDeploymentPostprocessing = 0;
			shellPath = /bin/sh;
			shellScript = "diff \"${PODS_PODFILE_DIR_PATH}/Podfile.lock\" \"${PODS_ROOT}/Manifest.lock\" > /dev/null\nif [ $? != 0 ] ; then\n    # print error to STDERR\n    echo \"error: The sandbox is not in sync with the Podfile.lock. Run 'pod install' or update your CocoaPods installation.\" >&2\n    exit 1\nfi\n# This output is used by Xcode 'outputs' to avoid re-running this script phase.\necho \"SUCCESS\" > \"${SCRIPT_OUTPUT_FILE_0}\"\n";
			showEnvVarsInLog = 0;
		};
		97ADF561CB99AF39D6886943 /* [CP] Check Pods Manifest.lock */ = {
			isa = PBXShellScriptBuildPhase;
			buildActionMask = 2147483647;
			files = (
			);
			inputFileListPaths = (
			);
			inputPaths = (
				"${PODS_PODFILE_DIR_PATH}/Podfile.lock",
				"${PODS_ROOT}/Manifest.lock",
			);
			name = "[CP] Check Pods Manifest.lock";
			outputFileListPaths = (
			);
			outputPaths = (
				"$(DERIVED_FILE_DIR)/Pods-rootifyTests-checkManifestLockResult.txt",
			);
			runOnlyForDeploymentPostprocessing = 0;
			shellPath = /bin/sh;
			shellScript = "diff \"${PODS_PODFILE_DIR_PATH}/Podfile.lock\" \"${PODS_ROOT}/Manifest.lock\" > /dev/null\nif [ $? != 0 ] ; then\n    # print error to STDERR\n    echo \"error: The sandbox is not in sync with the Podfile.lock. Run 'pod install' or update your CocoaPods installation.\" >&2\n    exit 1\nfi\n# This output is used by Xcode 'outputs' to avoid re-running this script phase.\necho \"SUCCESS\" > \"${SCRIPT_OUTPUT_FILE_0}\"\n";
			showEnvVarsInLog = 0;
		};
		A78803CC3E4FB968EDDC412F /* [CP] Check Pods Manifest.lock */ = {
			isa = PBXShellScriptBuildPhase;
			buildActionMask = 2147483647;
			files = (
			);
			inputFileListPaths = (
			);
			inputPaths = (
				"${PODS_PODFILE_DIR_PATH}/Podfile.lock",
				"${PODS_ROOT}/Manifest.lock",
			);
			name = "[CP] Check Pods Manifest.lock";
			outputFileListPaths = (
			);
			outputPaths = (
				"$(DERIVED_FILE_DIR)/Pods-rootify-checkManifestLockResult.txt",
			);
			runOnlyForDeploymentPostprocessing = 0;
			shellPath = /bin/sh;
			shellScript = "diff \"${PODS_PODFILE_DIR_PATH}/Podfile.lock\" \"${PODS_ROOT}/Manifest.lock\" > /dev/null\nif [ $? != 0 ] ; then\n    # print error to STDERR\n    echo \"error: The sandbox is not in sync with the Podfile.lock. Run 'pod install' or update your CocoaPods installation.\" >&2\n    exit 1\nfi\n# This output is used by Xcode 'outputs' to avoid re-running this script phase.\necho \"SUCCESS\" > \"${SCRIPT_OUTPUT_FILE_0}\"\n";
			showEnvVarsInLog = 0;
		};
/* End PBXShellScriptBuildPhase section */

/* Begin PBXSourcesBuildPhase section */
		5C0E635D256CAD0300CBC378 /* Sources */ = {
			isa = PBXSourcesBuildPhase;
			buildActionMask = 2147483647;
			files = (
				DF40B1422583859600C7FA43 /* reminderTableViewCell.swift in Sources */,
				5CDF3B052575F36000D7520E /* HomeViewController.swift in Sources */,
				BCDB60B1257AF19800E54EEA /* CustomPlantViewController.swift in Sources */,
				5CDF3B032575C3F800D7520E /* LoginViewController.swift in Sources */,
				BCF53729257B319D00023B7D /* PlantDiaryViewController.swift in Sources */,
				DF40B146258385F700C7FA43 /* reminderTableView.swift in Sources */,
				5C0E6365256CAD0300CBC378 /* AppDelegate.swift in Sources */,
				4348CE612574A29A002F82E8 /* PlantViewController.swift in Sources */,
				5C0E6367256CAD0300CBC378 /* SceneDelegate.swift in Sources */,
				DF40B1402583701E00C7FA43 /* PlantDiaryCell.swift in Sources */,
			);
			runOnlyForDeploymentPostprocessing = 0;
		};
		5C0E6373256CAD0D00CBC378 /* Sources */ = {
			isa = PBXSourcesBuildPhase;
			buildActionMask = 2147483647;
			files = (
				5C0E637C256CAD0D00CBC378 /* rootifyTests.swift in Sources */,
			);
			runOnlyForDeploymentPostprocessing = 0;
		};
		5C0E637E256CAD0E00CBC378 /* Sources */ = {
			isa = PBXSourcesBuildPhase;
			buildActionMask = 2147483647;
			files = (
				5C0E6387256CAD0E00CBC378 /* rootifyUITests.swift in Sources */,
			);
			runOnlyForDeploymentPostprocessing = 0;
		};
/* End PBXSourcesBuildPhase section */

/* Begin PBXTargetDependency section */
		5C0E6379256CAD0D00CBC378 /* PBXTargetDependency */ = {
			isa = PBXTargetDependency;
			target = 5C0E6360256CAD0300CBC378 /* rootify */;
			targetProxy = 5C0E6378256CAD0D00CBC378 /* PBXContainerItemProxy */;
		};
		5C0E6384256CAD0E00CBC378 /* PBXTargetDependency */ = {
			isa = PBXTargetDependency;
			target = 5C0E6360256CAD0300CBC378 /* rootify */;
			targetProxy = 5C0E6383256CAD0E00CBC378 /* PBXContainerItemProxy */;
		};
/* End PBXTargetDependency section */

/* Begin PBXVariantGroup section */
		5C0E636A256CAD0300CBC378 /* Main.storyboard */ = {
			isa = PBXVariantGroup;
			children = (
				5C0E636B256CAD0300CBC378 /* Base */,
			);
			name = Main.storyboard;
			sourceTree = "<group>";
		};
		5C0E636F256CAD0D00CBC378 /* LaunchScreen.storyboard */ = {
			isa = PBXVariantGroup;
			children = (
				5C0E6370256CAD0D00CBC378 /* Base */,
			);
			name = LaunchScreen.storyboard;
			sourceTree = "<group>";
		};
/* End PBXVariantGroup section */

/* Begin XCBuildConfiguration section */
		5C0E6389256CAD0E00CBC378 /* Debug */ = {
			isa = XCBuildConfiguration;
			buildSettings = {
				ALWAYS_SEARCH_USER_PATHS = NO;
				CLANG_ANALYZER_NONNULL = YES;
				CLANG_ANALYZER_NUMBER_OBJECT_CONVERSION = YES_AGGRESSIVE;
				CLANG_CXX_LANGUAGE_STANDARD = "gnu++14";
				CLANG_CXX_LIBRARY = "libc++";
				CLANG_ENABLE_MODULES = YES;
				CLANG_ENABLE_OBJC_ARC = YES;
				CLANG_ENABLE_OBJC_WEAK = YES;
				CLANG_WARN_BLOCK_CAPTURE_AUTORELEASING = YES;
				CLANG_WARN_BOOL_CONVERSION = YES;
				CLANG_WARN_COMMA = YES;
				CLANG_WARN_CONSTANT_CONVERSION = YES;
				CLANG_WARN_DEPRECATED_OBJC_IMPLEMENTATIONS = YES;
				CLANG_WARN_DIRECT_OBJC_ISA_USAGE = YES_ERROR;
				CLANG_WARN_DOCUMENTATION_COMMENTS = YES;
				CLANG_WARN_EMPTY_BODY = YES;
				CLANG_WARN_ENUM_CONVERSION = YES;
				CLANG_WARN_INFINITE_RECURSION = YES;
				CLANG_WARN_INT_CONVERSION = YES;
				CLANG_WARN_NON_LITERAL_NULL_CONVERSION = YES;
				CLANG_WARN_OBJC_IMPLICIT_RETAIN_SELF = YES;
				CLANG_WARN_OBJC_LITERAL_CONVERSION = YES;
				CLANG_WARN_OBJC_ROOT_CLASS = YES_ERROR;
				CLANG_WARN_RANGE_LOOP_ANALYSIS = YES;
				CLANG_WARN_STRICT_PROTOTYPES = YES;
				CLANG_WARN_SUSPICIOUS_MOVE = YES;
				CLANG_WARN_UNGUARDED_AVAILABILITY = YES_AGGRESSIVE;
				CLANG_WARN_UNREACHABLE_CODE = YES;
				CLANG_WARN__DUPLICATE_METHOD_MATCH = YES;
				COPY_PHASE_STRIP = NO;
				DEBUG_INFORMATION_FORMAT = dwarf;
				ENABLE_STRICT_OBJC_MSGSEND = YES;
				ENABLE_TESTABILITY = YES;
				GCC_C_LANGUAGE_STANDARD = gnu11;
				GCC_DYNAMIC_NO_PIC = NO;
				GCC_NO_COMMON_BLOCKS = YES;
				GCC_OPTIMIZATION_LEVEL = 0;
				GCC_PREPROCESSOR_DEFINITIONS = (
					"DEBUG=1",
					"$(inherited)",
				);
				GCC_WARN_64_TO_32_BIT_CONVERSION = YES;
				GCC_WARN_ABOUT_RETURN_TYPE = YES_ERROR;
				GCC_WARN_UNDECLARED_SELECTOR = YES;
				GCC_WARN_UNINITIALIZED_AUTOS = YES_AGGRESSIVE;
				GCC_WARN_UNUSED_FUNCTION = YES;
				GCC_WARN_UNUSED_VARIABLE = YES;
				IPHONEOS_DEPLOYMENT_TARGET = 13.5;
				MTL_ENABLE_DEBUG_INFO = INCLUDE_SOURCE;
				MTL_FAST_MATH = YES;
				ONLY_ACTIVE_ARCH = YES;
				SDKROOT = iphoneos;
				SWIFT_ACTIVE_COMPILATION_CONDITIONS = DEBUG;
				SWIFT_OPTIMIZATION_LEVEL = "-Onone";
			};
			name = Debug;
		};
		5C0E638A256CAD0E00CBC378 /* Release */ = {
			isa = XCBuildConfiguration;
			buildSettings = {
				ALWAYS_SEARCH_USER_PATHS = NO;
				CLANG_ANALYZER_NONNULL = YES;
				CLANG_ANALYZER_NUMBER_OBJECT_CONVERSION = YES_AGGRESSIVE;
				CLANG_CXX_LANGUAGE_STANDARD = "gnu++14";
				CLANG_CXX_LIBRARY = "libc++";
				CLANG_ENABLE_MODULES = YES;
				CLANG_ENABLE_OBJC_ARC = YES;
				CLANG_ENABLE_OBJC_WEAK = YES;
				CLANG_WARN_BLOCK_CAPTURE_AUTORELEASING = YES;
				CLANG_WARN_BOOL_CONVERSION = YES;
				CLANG_WARN_COMMA = YES;
				CLANG_WARN_CONSTANT_CONVERSION = YES;
				CLANG_WARN_DEPRECATED_OBJC_IMPLEMENTATIONS = YES;
				CLANG_WARN_DIRECT_OBJC_ISA_USAGE = YES_ERROR;
				CLANG_WARN_DOCUMENTATION_COMMENTS = YES;
				CLANG_WARN_EMPTY_BODY = YES;
				CLANG_WARN_ENUM_CONVERSION = YES;
				CLANG_WARN_INFINITE_RECURSION = YES;
				CLANG_WARN_INT_CONVERSION = YES;
				CLANG_WARN_NON_LITERAL_NULL_CONVERSION = YES;
				CLANG_WARN_OBJC_IMPLICIT_RETAIN_SELF = YES;
				CLANG_WARN_OBJC_LITERAL_CONVERSION = YES;
				CLANG_WARN_OBJC_ROOT_CLASS = YES_ERROR;
				CLANG_WARN_RANGE_LOOP_ANALYSIS = YES;
				CLANG_WARN_STRICT_PROTOTYPES = YES;
				CLANG_WARN_SUSPICIOUS_MOVE = YES;
				CLANG_WARN_UNGUARDED_AVAILABILITY = YES_AGGRESSIVE;
				CLANG_WARN_UNREACHABLE_CODE = YES;
				CLANG_WARN__DUPLICATE_METHOD_MATCH = YES;
				COPY_PHASE_STRIP = NO;
				DEBUG_INFORMATION_FORMAT = "dwarf-with-dsym";
				ENABLE_NS_ASSERTIONS = NO;
				ENABLE_STRICT_OBJC_MSGSEND = YES;
				GCC_C_LANGUAGE_STANDARD = gnu11;
				GCC_NO_COMMON_BLOCKS = YES;
				GCC_WARN_64_TO_32_BIT_CONVERSION = YES;
				GCC_WARN_ABOUT_RETURN_TYPE = YES_ERROR;
				GCC_WARN_UNDECLARED_SELECTOR = YES;
				GCC_WARN_UNINITIALIZED_AUTOS = YES_AGGRESSIVE;
				GCC_WARN_UNUSED_FUNCTION = YES;
				GCC_WARN_UNUSED_VARIABLE = YES;
				IPHONEOS_DEPLOYMENT_TARGET = 13.5;
				MTL_ENABLE_DEBUG_INFO = NO;
				MTL_FAST_MATH = YES;
				SDKROOT = iphoneos;
				SWIFT_COMPILATION_MODE = wholemodule;
				SWIFT_OPTIMIZATION_LEVEL = "-O";
				VALIDATE_PRODUCT = YES;
			};
			name = Release;
		};
		5C0E638C256CAD0E00CBC378 /* Debug */ = {
			isa = XCBuildConfiguration;
			baseConfigurationReference = FB2C96B437EBCEAC45399C38 /* Pods-rootify.debug.xcconfig */;
			buildSettings = {
				ASSETCATALOG_COMPILER_APPICON_NAME = AppIcon;
				CODE_SIGN_STYLE = Automatic;
				INFOPLIST_FILE = rootify/Info.plist;
				LD_RUNPATH_SEARCH_PATHS = (
					"$(inherited)",
					"@executable_path/Frameworks",
				);
				PRODUCT_BUNDLE_IDENTIFIER = rootify.rootify;
				PRODUCT_NAME = "$(TARGET_NAME)";
				SWIFT_VERSION = 5.0;
				TARGETED_DEVICE_FAMILY = "1,2";
			};
			name = Debug;
		};
		5C0E638D256CAD0E00CBC378 /* Release */ = {
			isa = XCBuildConfiguration;
			baseConfigurationReference = 12251EF09656BA71FBFCD249 /* Pods-rootify.release.xcconfig */;
			buildSettings = {
				ASSETCATALOG_COMPILER_APPICON_NAME = AppIcon;
				CODE_SIGN_STYLE = Automatic;
				INFOPLIST_FILE = rootify/Info.plist;
				LD_RUNPATH_SEARCH_PATHS = (
					"$(inherited)",
					"@executable_path/Frameworks",
				);
				PRODUCT_BUNDLE_IDENTIFIER = rootify.rootify;
				PRODUCT_NAME = "$(TARGET_NAME)";
				SWIFT_VERSION = 5.0;
				TARGETED_DEVICE_FAMILY = "1,2";
			};
			name = Release;
		};
		5C0E638F256CAD0E00CBC378 /* Debug */ = {
			isa = XCBuildConfiguration;
			baseConfigurationReference = 4D02100D32AEB01F28393F77 /* Pods-rootifyTests.debug.xcconfig */;
			buildSettings = {
				ALWAYS_EMBED_SWIFT_STANDARD_LIBRARIES = YES;
				BUNDLE_LOADER = "$(TEST_HOST)";
				CODE_SIGN_STYLE = Automatic;
				INFOPLIST_FILE = rootifyTests/Info.plist;
				IPHONEOS_DEPLOYMENT_TARGET = 13.5;
				LD_RUNPATH_SEARCH_PATHS = (
					"$(inherited)",
					"@executable_path/Frameworks",
					"@loader_path/Frameworks",
				);
				PRODUCT_BUNDLE_IDENTIFIER = rootify.rootifyTests;
				PRODUCT_NAME = "$(TARGET_NAME)";
				SWIFT_VERSION = 5.0;
				TARGETED_DEVICE_FAMILY = "1,2";
				TEST_HOST = "$(BUILT_PRODUCTS_DIR)/rootify.app/rootify";
			};
			name = Debug;
		};
		5C0E6390256CAD0E00CBC378 /* Release */ = {
			isa = XCBuildConfiguration;
			baseConfigurationReference = FFD9D3D11B578EA162486CAA /* Pods-rootifyTests.release.xcconfig */;
			buildSettings = {
				ALWAYS_EMBED_SWIFT_STANDARD_LIBRARIES = YES;
				BUNDLE_LOADER = "$(TEST_HOST)";
				CODE_SIGN_STYLE = Automatic;
				INFOPLIST_FILE = rootifyTests/Info.plist;
				IPHONEOS_DEPLOYMENT_TARGET = 13.5;
				LD_RUNPATH_SEARCH_PATHS = (
					"$(inherited)",
					"@executable_path/Frameworks",
					"@loader_path/Frameworks",
				);
				PRODUCT_BUNDLE_IDENTIFIER = rootify.rootifyTests;
				PRODUCT_NAME = "$(TARGET_NAME)";
				SWIFT_VERSION = 5.0;
				TARGETED_DEVICE_FAMILY = "1,2";
				TEST_HOST = "$(BUILT_PRODUCTS_DIR)/rootify.app/rootify";
			};
			name = Release;
		};
		5C0E6392256CAD0E00CBC378 /* Debug */ = {
			isa = XCBuildConfiguration;
			baseConfigurationReference = 586B903DA9A3D937C163584A /* Pods-rootify-rootifyUITests.debug.xcconfig */;
			buildSettings = {
				ALWAYS_EMBED_SWIFT_STANDARD_LIBRARIES = YES;
				CODE_SIGN_STYLE = Automatic;
				INFOPLIST_FILE = rootifyUITests/Info.plist;
				LD_RUNPATH_SEARCH_PATHS = (
					"$(inherited)",
					"@executable_path/Frameworks",
					"@loader_path/Frameworks",
				);
				PRODUCT_BUNDLE_IDENTIFIER = rootify.rootifyUITests;
				PRODUCT_NAME = "$(TARGET_NAME)";
				SWIFT_VERSION = 5.0;
				TARGETED_DEVICE_FAMILY = "1,2";
				TEST_TARGET_NAME = rootify;
			};
			name = Debug;
		};
		5C0E6393256CAD0E00CBC378 /* Release */ = {
			isa = XCBuildConfiguration;
			baseConfigurationReference = 7C0CF436CF76C641261052F4 /* Pods-rootify-rootifyUITests.release.xcconfig */;
			buildSettings = {
				ALWAYS_EMBED_SWIFT_STANDARD_LIBRARIES = YES;
				CODE_SIGN_STYLE = Automatic;
				INFOPLIST_FILE = rootifyUITests/Info.plist;
				LD_RUNPATH_SEARCH_PATHS = (
					"$(inherited)",
					"@executable_path/Frameworks",
					"@loader_path/Frameworks",
				);
				PRODUCT_BUNDLE_IDENTIFIER = rootify.rootifyUITests;
				PRODUCT_NAME = "$(TARGET_NAME)";
				SWIFT_VERSION = 5.0;
				TARGETED_DEVICE_FAMILY = "1,2";
				TEST_TARGET_NAME = rootify;
			};
			name = Release;
		};
/* End XCBuildConfiguration section */

/* Begin XCConfigurationList section */
		5C0E635C256CAD0300CBC378 /* Build configuration list for PBXProject "rootify" */ = {
			isa = XCConfigurationList;
			buildConfigurations = (
				5C0E6389256CAD0E00CBC378 /* Debug */,
				5C0E638A256CAD0E00CBC378 /* Release */,
			);
			defaultConfigurationIsVisible = 0;
			defaultConfigurationName = Release;
		};
		5C0E638B256CAD0E00CBC378 /* Build configuration list for PBXNativeTarget "rootify" */ = {
			isa = XCConfigurationList;
			buildConfigurations = (
				5C0E638C256CAD0E00CBC378 /* Debug */,
				5C0E638D256CAD0E00CBC378 /* Release */,
			);
			defaultConfigurationIsVisible = 0;
			defaultConfigurationName = Release;
		};
		5C0E638E256CAD0E00CBC378 /* Build configuration list for PBXNativeTarget "rootifyTests" */ = {
			isa = XCConfigurationList;
			buildConfigurations = (
				5C0E638F256CAD0E00CBC378 /* Debug */,
				5C0E6390256CAD0E00CBC378 /* Release */,
			);
			defaultConfigurationIsVisible = 0;
			defaultConfigurationName = Release;
		};
		5C0E6391256CAD0E00CBC378 /* Build configuration list for PBXNativeTarget "rootifyUITests" */ = {
			isa = XCConfigurationList;
			buildConfigurations = (
				5C0E6392256CAD0E00CBC378 /* Debug */,
				5C0E6393256CAD0E00CBC378 /* Release */,
			);
			defaultConfigurationIsVisible = 0;
			defaultConfigurationName = Release;
		};
/* End XCConfigurationList section */
	};
	rootObject = 5C0E6359256CAD0300CBC378 /* Project object */;
}
